// !$*UTF8*$!
{
	archiveVersion = 1;
	classes = {
	};
	objectVersion = 46;
	objects = {

/* Begin PBXBuildFile section */
		3D9C9A331F2F1F19008F79F0 /* private-keys.plist in Resources */ = {isa = PBXBuildFile; fileRef = 3D9C9A321F2F1F19008F79F0 /* private-keys.plist */; };
		3D9C9A351F2F1FBE008F79F0 /* PrivateKeyService.swift in Sources */ = {isa = PBXBuildFile; fileRef = 3D9C9A341F2F1FBE008F79F0 /* PrivateKeyService.swift */; };
		3D9E70231F2CD5B0008047C8 /* AppDelegate.swift in Sources */ = {isa = PBXBuildFile; fileRef = 3D9E70221F2CD5B0008047C8 /* AppDelegate.swift */; };
		3D9E70251F2CD5B0008047C8 /* MainViewController.swift in Sources */ = {isa = PBXBuildFile; fileRef = 3D9E70241F2CD5B0008047C8 /* MainViewController.swift */; };
		3D9E70281F2CD5B0008047C8 /* Main.storyboard in Resources */ = {isa = PBXBuildFile; fileRef = 3D9E70261F2CD5B0008047C8 /* Main.storyboard */; };
		3D9E702A1F2CD5B0008047C8 /* Assets.xcassets in Resources */ = {isa = PBXBuildFile; fileRef = 3D9E70291F2CD5B0008047C8 /* Assets.xcassets */; };
		3D9E702D1F2CD5B0008047C8 /* LaunchScreen.storyboard in Resources */ = {isa = PBXBuildFile; fileRef = 3D9E702B1F2CD5B0008047C8 /* LaunchScreen.storyboard */; };
		3D9E70361F2CD70A008047C8 /* UMAMapView.swift in Sources */ = {isa = PBXBuildFile; fileRef = 3D9E70351F2CD70A008047C8 /* UMAMapView.swift */; };
		3D9E70391F2CDD1F008047C8 /* MapKitTryViewController.swift in Sources */ = {isa = PBXBuildFile; fileRef = 3D9E70381F2CDD1F008047C8 /* MapKitTryViewController.swift */; };
		3D9E703B1F2CDD2C008047C8 /* GoogleMapsTryViewController.swift in Sources */ = {isa = PBXBuildFile; fileRef = 3D9E703A1F2CDD2C008047C8 /* GoogleMapsTryViewController.swift */; };
		3D9E703D1F2CDD3B008047C8 /* MapBoxTryViewController.swift in Sources */ = {isa = PBXBuildFile; fileRef = 3D9E703C1F2CDD3B008047C8 /* MapBoxTryViewController.swift */; };
		3DDF98361F2F9212007F6445 /* UMAMapView+MapKit.swift in Sources */ = {isa = PBXBuildFile; fileRef = 3DDF98351F2F9212007F6445 /* UMAMapView+MapKit.swift */; };
		3DDF98381F2F9228007F6445 /* UMAMapView+GoogleMaps.swift in Sources */ = {isa = PBXBuildFile; fileRef = 3DDF98371F2F9228007F6445 /* UMAMapView+GoogleMaps.swift */; };
		3DDF983A1F2F9232007F6445 /* UMAMapView+MapBox.swift in Sources */ = {isa = PBXBuildFile; fileRef = 3DDF98391F2F9232007F6445 /* UMAMapView+MapBox.swift */; };
		3DF60DC41F2CEC2200A9D701 /* UMATestViewController.swift in Sources */ = {isa = PBXBuildFile; fileRef = 3DF60DC31F2CEC2200A9D701 /* UMATestViewController.swift */; };
		4355006560D112E5C3937B03 /* Pods_UniversalMapAdapter.framework in Frameworks */ = {isa = PBXBuildFile; fileRef = 497B2C5A2C98EF2FE2055CC0 /* Pods_UniversalMapAdapter.framework */; };
/* End PBXBuildFile section */

/* Begin PBXFileReference section */
		3D9C9A321F2F1F19008F79F0 /* private-keys.plist */ = {isa = PBXFileReference; fileEncoding = 4; lastKnownFileType = text.plist.xml; path = "private-keys.plist"; sourceTree = "<group>"; };
		3D9C9A341F2F1FBE008F79F0 /* PrivateKeyService.swift */ = {isa = PBXFileReference; fileEncoding = 4; lastKnownFileType = sourcecode.swift; path = PrivateKeyService.swift; sourceTree = "<group>"; };
		3D9E701F1F2CD5B0008047C8 /* UniversalMapAdapter.app */ = {isa = PBXFileReference; explicitFileType = wrapper.application; includeInIndex = 0; path = UniversalMapAdapter.app; sourceTree = BUILT_PRODUCTS_DIR; };
		3D9E70221F2CD5B0008047C8 /* AppDelegate.swift */ = {isa = PBXFileReference; lastKnownFileType = sourcecode.swift; path = AppDelegate.swift; sourceTree = "<group>"; };
		3D9E70241F2CD5B0008047C8 /* MainViewController.swift */ = {isa = PBXFileReference; lastKnownFileType = sourcecode.swift; path = MainViewController.swift; sourceTree = "<group>"; };
		3D9E70271F2CD5B0008047C8 /* Base */ = {isa = PBXFileReference; lastKnownFileType = file.storyboard; name = Base; path = Base.lproj/Main.storyboard; sourceTree = "<group>"; };
		3D9E70291F2CD5B0008047C8 /* Assets.xcassets */ = {isa = PBXFileReference; lastKnownFileType = folder.assetcatalog; path = Assets.xcassets; sourceTree = "<group>"; };
		3D9E702C1F2CD5B0008047C8 /* Base */ = {isa = PBXFileReference; lastKnownFileType = file.storyboard; name = Base; path = Base.lproj/LaunchScreen.storyboard; sourceTree = "<group>"; };
		3D9E702E1F2CD5B0008047C8 /* Info.plist */ = {isa = PBXFileReference; lastKnownFileType = text.plist.xml; path = Info.plist; sourceTree = "<group>"; };
		3D9E70351F2CD70A008047C8 /* UMAMapView.swift */ = {isa = PBXFileReference; fileEncoding = 4; lastKnownFileType = sourcecode.swift; path = UMAMapView.swift; sourceTree = "<group>"; };
		3D9E70381F2CDD1F008047C8 /* MapKitTryViewController.swift */ = {isa = PBXFileReference; fileEncoding = 4; lastKnownFileType = sourcecode.swift; path = MapKitTryViewController.swift; sourceTree = "<group>"; };
		3D9E703A1F2CDD2C008047C8 /* GoogleMapsTryViewController.swift */ = {isa = PBXFileReference; fileEncoding = 4; lastKnownFileType = sourcecode.swift; path = GoogleMapsTryViewController.swift; sourceTree = "<group>"; };
		3D9E703C1F2CDD3B008047C8 /* MapBoxTryViewController.swift */ = {isa = PBXFileReference; fileEncoding = 4; lastKnownFileType = sourcecode.swift; path = MapBoxTryViewController.swift; sourceTree = "<group>"; };
		3DDF98351F2F9212007F6445 /* UMAMapView+MapKit.swift */ = {isa = PBXFileReference; fileEncoding = 4; lastKnownFileType = sourcecode.swift; path = "UMAMapView+MapKit.swift"; sourceTree = "<group>"; };
		3DDF98371F2F9228007F6445 /* UMAMapView+GoogleMaps.swift */ = {isa = PBXFileReference; fileEncoding = 4; lastKnownFileType = sourcecode.swift; path = "UMAMapView+GoogleMaps.swift"; sourceTree = "<group>"; };
		3DDF98391F2F9232007F6445 /* UMAMapView+MapBox.swift */ = {isa = PBXFileReference; fileEncoding = 4; lastKnownFileType = sourcecode.swift; path = "UMAMapView+MapBox.swift"; sourceTree = "<group>"; };
		3DF60DC31F2CEC2200A9D701 /* UMATestViewController.swift */ = {isa = PBXFileReference; fileEncoding = 4; lastKnownFileType = sourcecode.swift; path = UMATestViewController.swift; sourceTree = "<group>"; };
		4311EBB954EC6C4AC835B709 /* Pods-UniversalMapAdapter.release.xcconfig */ = {isa = PBXFileReference; includeInIndex = 1; lastKnownFileType = text.xcconfig; name = "Pods-UniversalMapAdapter.release.xcconfig"; path = "Pods/Target Support Files/Pods-UniversalMapAdapter/Pods-UniversalMapAdapter.release.xcconfig"; sourceTree = "<group>"; };
		497B2C5A2C98EF2FE2055CC0 /* Pods_UniversalMapAdapter.framework */ = {isa = PBXFileReference; explicitFileType = wrapper.framework; includeInIndex = 0; path = Pods_UniversalMapAdapter.framework; sourceTree = BUILT_PRODUCTS_DIR; };
		E9AD6E497A1F570DE1F34C56 /* Pods-UniversalMapAdapter.debug.xcconfig */ = {isa = PBXFileReference; includeInIndex = 1; lastKnownFileType = text.xcconfig; name = "Pods-UniversalMapAdapter.debug.xcconfig"; path = "Pods/Target Support Files/Pods-UniversalMapAdapter/Pods-UniversalMapAdapter.debug.xcconfig"; sourceTree = "<group>"; };
/* End PBXFileReference section */

/* Begin PBXFrameworksBuildPhase section */
		3D9E701C1F2CD5B0008047C8 /* Frameworks */ = {
			isa = PBXFrameworksBuildPhase;
			buildActionMask = 2147483647;
			files = (
				4355006560D112E5C3937B03 /* Pods_UniversalMapAdapter.framework in Frameworks */,
			);
			runOnlyForDeploymentPostprocessing = 0;
		};
/* End PBXFrameworksBuildPhase section */

/* Begin PBXGroup section */
		3D9C9A2F1F2F1D11008F79F0 /* Supporting Files */ = {
			isa = PBXGroup;
			children = (
				3D9E70221F2CD5B0008047C8 /* AppDelegate.swift */,
				3D9E702E1F2CD5B0008047C8 /* Info.plist */,
				3D9E70291F2CD5B0008047C8 /* Assets.xcassets */,
				3D9C9A321F2F1F19008F79F0 /* private-keys.plist */,
			);
			name = "Supporting Files";
			sourceTree = "<group>";
		};
		3D9C9A311F2F1E4E008F79F0 /* UMADemoProject */ = {
			isa = PBXGroup;
			children = (
				3D9C9A2F1F2F1D11008F79F0 /* Supporting Files */,
				3D9E70241F2CD5B0008047C8 /* MainViewController.swift */,
				3D9E70381F2CDD1F008047C8 /* MapKitTryViewController.swift */,
				3D9E703A1F2CDD2C008047C8 /* GoogleMapsTryViewController.swift */,
				3D9E703C1F2CDD3B008047C8 /* MapBoxTryViewController.swift */,
				3DF60DC31F2CEC2200A9D701 /* UMATestViewController.swift */,
				3D9C9A341F2F1FBE008F79F0 /* PrivateKeyService.swift */,
				3D9E70261F2CD5B0008047C8 /* Main.storyboard */,
				3D9E702B1F2CD5B0008047C8 /* LaunchScreen.storyboard */,
			);
			path = UMADemoProject;
			sourceTree = "<group>";
		};
		3D9E70161F2CD5B0008047C8 = {
			isa = PBXGroup;
			children = (
				3D9E70211F2CD5B0008047C8 /* UniversalMapAdapter */,
				3D9E70201F2CD5B0008047C8 /* Products */,
				C20C7B21F2231688442540F3 /* Pods */,
				F6B7456277E0D16CBAA06782 /* Frameworks */,
			);
			sourceTree = "<group>";
		};
		3D9E70201F2CD5B0008047C8 /* Products */ = {
			isa = PBXGroup;
			children = (
				3D9E701F1F2CD5B0008047C8 /* UniversalMapAdapter.app */,
			);
			name = Products;
			sourceTree = "<group>";
		};
		3D9E70211F2CD5B0008047C8 /* UniversalMapAdapter */ = {
			isa = PBXGroup;
			children = (
				3D9C9A311F2F1E4E008F79F0 /* UMADemoProject */,
				3D9E70341F2CD675008047C8 /* UMA */,
			);
			path = UniversalMapAdapter;
			sourceTree = "<group>";
		};
		3D9E70341F2CD675008047C8 /* UMA */ = {
			isa = PBXGroup;
			children = (
				3D9E70351F2CD70A008047C8 /* UMAMapView.swift */,
				3DDF98351F2F9212007F6445 /* UMAMapView+MapKit.swift */,
				3DDF98371F2F9228007F6445 /* UMAMapView+GoogleMaps.swift */,
				3DDF98391F2F9232007F6445 /* UMAMapView+MapBox.swift */,
			);
			name = UMA;
			path = UniversalMapAdapter;
			sourceTree = "<group>";
		};
		C20C7B21F2231688442540F3 /* Pods */ = {
			isa = PBXGroup;
			children = (
				E9AD6E497A1F570DE1F34C56 /* Pods-UniversalMapAdapter.debug.xcconfig */,
				4311EBB954EC6C4AC835B709 /* Pods-UniversalMapAdapter.release.xcconfig */,
			);
			name = Pods;
			sourceTree = "<group>";
		};
		F6B7456277E0D16CBAA06782 /* Frameworks */ = {
			isa = PBXGroup;
			children = (
				497B2C5A2C98EF2FE2055CC0 /* Pods_UniversalMapAdapter.framework */,
			);
			name = Frameworks;
			sourceTree = "<group>";
		};
/* End PBXGroup section */

/* Begin PBXNativeTarget section */
		3D9E701E1F2CD5B0008047C8 /* UniversalMapAdapter */ = {
			isa = PBXNativeTarget;
			buildConfigurationList = 3D9E70311F2CD5B0008047C8 /* Build configuration list for PBXNativeTarget "UniversalMapAdapter" */;
			buildPhases = (
				07B8FF2CBD5E732582C5B7A1 /* [CP] Check Pods Manifest.lock */,
				3D9E701B1F2CD5B0008047C8 /* Sources */,
				3D9E701C1F2CD5B0008047C8 /* Frameworks */,
				3D9E701D1F2CD5B0008047C8 /* Resources */,
				F4250BC8265A4F584057239C /* [CP] Embed Pods Frameworks */,
				55BCB769CB20206DED808210 /* [CP] Copy Pods Resources */,
			);
			buildRules = (
			);
			dependencies = (
			);
			name = UniversalMapAdapter;
			productName = UniversalMapAdapter;
			productReference = 3D9E701F1F2CD5B0008047C8 /* UniversalMapAdapter.app */;
			productType = "com.apple.product-type.application";
		};
/* End PBXNativeTarget section */

/* Begin PBXProject section */
		3D9E70171F2CD5B0008047C8 /* Project object */ = {
			isa = PBXProject;
			attributes = {
				LastSwiftUpdateCheck = 0830;
				LastUpgradeCheck = 0830;
				ORGANIZATIONNAME = "Kostia Kolesnyk";
				TargetAttributes = {
					3D9E701E1F2CD5B0008047C8 = {
						CreatedOnToolsVersion = 8.3.3;
						DevelopmentTeam = 2N6B529U6S;
						ProvisioningStyle = Automatic;
					};
				};
			};
			buildConfigurationList = 3D9E701A1F2CD5B0008047C8 /* Build configuration list for PBXProject "UniversalMapAdapter" */;
			compatibilityVersion = "Xcode 3.2";
			developmentRegion = English;
			hasScannedForEncodings = 0;
			knownRegions = (
				en,
				Base,
			);
			mainGroup = 3D9E70161F2CD5B0008047C8;
			productRefGroup = 3D9E70201F2CD5B0008047C8 /* Products */;
			projectDirPath = "";
			projectRoot = "";
			targets = (
				3D9E701E1F2CD5B0008047C8 /* UniversalMapAdapter */,
			);
		};
/* End PBXProject section */

/* Begin PBXResourcesBuildPhase section */
		3D9E701D1F2CD5B0008047C8 /* Resources */ = {
			isa = PBXResourcesBuildPhase;
			buildActionMask = 2147483647;
			files = (
				3D9C9A331F2F1F19008F79F0 /* private-keys.plist in Resources */,
				3D9E702D1F2CD5B0008047C8 /* LaunchScreen.storyboard in Resources */,
				3D9E702A1F2CD5B0008047C8 /* Assets.xcassets in Resources */,
				3D9E70281F2CD5B0008047C8 /* Main.storyboard in Resources */,
			);
			runOnlyForDeploymentPostprocessing = 0;
		};
/* End PBXResourcesBuildPhase section */

/* Begin PBXShellScriptBuildPhase section */
		07B8FF2CBD5E732582C5B7A1 /* [CP] Check Pods Manifest.lock */ = {
			isa = PBXShellScriptBuildPhase;
			buildActionMask = 2147483647;
			files = (
			);
			inputPaths = (
			);
			name = "[CP] Check Pods Manifest.lock";
			outputPaths = (
			);
			runOnlyForDeploymentPostprocessing = 0;
			shellPath = /bin/sh;
			shellScript = "diff \"${PODS_ROOT}/../Podfile.lock\" \"${PODS_ROOT}/Manifest.lock\" > /dev/null\nif [ $? != 0 ] ; then\n    # print error to STDERR\n    echo \"error: The sandbox is not in sync with the Podfile.lock. Run 'pod install' or update your CocoaPods installation.\" >&2\n    exit 1\nfi\n";
			showEnvVarsInLog = 0;
		};
		55BCB769CB20206DED808210 /* [CP] Copy Pods Resources */ = {
			isa = PBXShellScriptBuildPhase;
			buildActionMask = 2147483647;
			files = (
			);
			inputPaths = (
			);
			name = "[CP] Copy Pods Resources";
			outputPaths = (
			);
			runOnlyForDeploymentPostprocessing = 0;
			shellPath = /bin/sh;
			shellScript = "\"${SRCROOT}/Pods/Target Support Files/Pods-UniversalMapAdapter/Pods-UniversalMapAdapter-resources.sh\"\n";
			showEnvVarsInLog = 0;
		};
		F4250BC8265A4F584057239C /* [CP] Embed Pods Frameworks */ = {
			isa = PBXShellScriptBuildPhase;
			buildActionMask = 2147483647;
			files = (
			);
			inputPaths = (
			);
			name = "[CP] Embed Pods Frameworks";
			outputPaths = (
			);
			runOnlyForDeploymentPostprocessing = 0;
			shellPath = /bin/sh;
			shellScript = "\"${SRCROOT}/Pods/Target Support Files/Pods-UniversalMapAdapter/Pods-UniversalMapAdapter-frameworks.sh\"\n";
			showEnvVarsInLog = 0;
		};
/* End PBXShellScriptBuildPhase section */

/* Begin PBXSourcesBuildPhase section */
		3D9E701B1F2CD5B0008047C8 /* Sources */ = {
			isa = PBXSourcesBuildPhase;
			buildActionMask = 2147483647;
			files = (
				3D9E70391F2CDD1F008047C8 /* MapKitTryViewController.swift in Sources */,
				3D9E703D1F2CDD3B008047C8 /* MapBoxTryViewController.swift in Sources */,
				3DF60DC41F2CEC2200A9D701 /* UMATestViewController.swift in Sources */,
				3DDF983A1F2F9232007F6445 /* UMAMapView+MapBox.swift in Sources */,
				3DDF98381F2F9228007F6445 /* UMAMapView+GoogleMaps.swift in Sources */,
				3D9E70251F2CD5B0008047C8 /* MainViewController.swift in Sources */,
				3D9E70231F2CD5B0008047C8 /* AppDelegate.swift in Sources */,
				3DDF98361F2F9212007F6445 /* UMAMapView+MapKit.swift in Sources */,
				3D9E703B1F2CDD2C008047C8 /* GoogleMapsTryViewController.swift in Sources */,
				3D9E70361F2CD70A008047C8 /* UMAMapView.swift in Sources */,
				3D9C9A351F2F1FBE008F79F0 /* PrivateKeyService.swift in Sources */,
			);
			runOnlyForDeploymentPostprocessing = 0;
		};
/* End PBXSourcesBuildPhase section */

/* Begin PBXVariantGroup section */
		3D9E70261F2CD5B0008047C8 /* Main.storyboard */ = {
			isa = PBXVariantGroup;
			children = (
				3D9E70271F2CD5B0008047C8 /* Base */,
			);
			name = Main.storyboard;
			sourceTree = "<group>";
		};
		3D9E702B1F2CD5B0008047C8 /* LaunchScreen.storyboard */ = {
			isa = PBXVariantGroup;
			children = (
				3D9E702C1F2CD5B0008047C8 /* Base */,
			);
			name = LaunchScreen.storyboard;
			sourceTree = "<group>";
		};
/* End PBXVariantGroup section */

/* Begin XCBuildConfiguration section */
		3D9E702F1F2CD5B0008047C8 /* Debug */ = {
			isa = XCBuildConfiguration;
			buildSettings = {
				ALWAYS_SEARCH_USER_PATHS = NO;
				CLANG_ANALYZER_NONNULL = YES;
				CLANG_ANALYZER_NUMBER_OBJECT_CONVERSION = YES_AGGRESSIVE;
				CLANG_CXX_LANGUAGE_STANDARD = "gnu++0x";
				CLANG_CXX_LIBRARY = "libc++";
				CLANG_ENABLE_MODULES = YES;
				CLANG_ENABLE_OBJC_ARC = YES;
				CLANG_WARN_BOOL_CONVERSION = YES;
				CLANG_WARN_CONSTANT_CONVERSION = YES;
				CLANG_WARN_DIRECT_OBJC_ISA_USAGE = YES_ERROR;
				CLANG_WARN_DOCUMENTATION_COMMENTS = YES;
				CLANG_WARN_EMPTY_BODY = YES;
				CLANG_WARN_ENUM_CONVERSION = YES;
				CLANG_WARN_INFINITE_RECURSION = YES;
				CLANG_WARN_INT_CONVERSION = YES;
				CLANG_WARN_OBJC_ROOT_CLASS = YES_ERROR;
				CLANG_WARN_SUSPICIOUS_MOVE = YES;
				CLANG_WARN_UNREACHABLE_CODE = YES;
				CLANG_WARN__DUPLICATE_METHOD_MATCH = YES;
				"CODE_SIGN_IDENTITY[sdk=iphoneos*]" = "iPhone Developer";
				COPY_PHASE_STRIP = NO;
				DEBUG_INFORMATION_FORMAT = dwarf;
				ENABLE_STRICT_OBJC_MSGSEND = YES;
				ENABLE_TESTABILITY = YES;
				GCC_C_LANGUAGE_STANDARD = gnu99;
				GCC_DYNAMIC_NO_PIC = NO;
				GCC_NO_COMMON_BLOCKS = YES;
				GCC_OPTIMIZATION_LEVEL = 0;
				GCC_PREPROCESSOR_DEFINITIONS = (
					"DEBUG=1",
					"$(inherited)",
				);
				GCC_WARN_64_TO_32_BIT_CONVERSION = YES;
				GCC_WARN_ABOUT_RETURN_TYPE = YES_ERROR;
				GCC_WARN_UNDECLARED_SELECTOR = YES;
				GCC_WARN_UNINITIALIZED_AUTOS = YES_AGGRESSIVE;
				GCC_WARN_UNUSED_FUNCTION = YES;
				GCC_WARN_UNUSED_VARIABLE = YES;
				IPHONEOS_DEPLOYMENT_TARGET = 10.3;
				MTL_ENABLE_DEBUG_INFO = YES;
				ONLY_ACTIVE_ARCH = YES;
				SDKROOT = iphoneos;
				SWIFT_ACTIVE_COMPILATION_CONDITIONS = DEBUG;
				SWIFT_OPTIMIZATION_LEVEL = "-Onone";
				TARGETED_DEVICE_FAMILY = "1,2";
			};
			name = Debug;
		};
		3D9E70301F2CD5B0008047C8 /* Release */ = {
			isa = XCBuildConfiguration;
			buildSettings = {
				ALWAYS_SEARCH_USER_PATHS = NO;
				CLANG_ANALYZER_NONNULL = YES;
				CLANG_ANALYZER_NUMBER_OBJECT_CONVERSION = YES_AGGRESSIVE;
				CLANG_CXX_LANGUAGE_STANDARD = "gnu++0x";
				CLANG_CXX_LIBRARY = "libc++";
				CLANG_ENABLE_MODULES = YES;
				CLANG_ENABLE_OBJC_ARC = YES;
				CLANG_WARN_BOOL_CONVERSION = YES;
				CLANG_WARN_CONSTANT_CONVERSION = YES;
				CLANG_WARN_DIRECT_OBJC_ISA_USAGE = YES_ERROR;
				CLANG_WARN_DOCUMENTATION_COMMENTS = YES;
				CLANG_WARN_EMPTY_BODY = YES;
				CLANG_WARN_ENUM_CONVERSION = YES;
				CLANG_WARN_INFINITE_RECURSION = YES;
				CLANG_WARN_INT_CONVERSION = YES;
				CLANG_WARN_OBJC_ROOT_CLASS = YES_ERROR;
				CLANG_WARN_SUSPICIOUS_MOVE = YES;
				CLANG_WARN_UNREACHABLE_CODE = YES;
				CLANG_WARN__DUPLICATE_METHOD_MATCH = YES;
				"CODE_SIGN_IDENTITY[sdk=iphoneos*]" = "iPhone Developer";
				COPY_PHASE_STRIP = NO;
				DEBUG_INFORMATION_FORMAT = "dwarf-with-dsym";
				ENABLE_NS_ASSERTIONS = NO;
				ENABLE_STRICT_OBJC_MSGSEND = YES;
				GCC_C_LANGUAGE_STANDARD = gnu99;
				GCC_NO_COMMON_BLOCKS = YES;
				GCC_WARN_64_TO_32_BIT_CONVERSION = YES;
				GCC_WARN_ABOUT_RETURN_TYPE = YES_ERROR;
				GCC_WARN_UNDECLARED_SELECTOR = YES;
				GCC_WARN_UNINITIALIZED_AUTOS = YES_AGGRESSIVE;
				GCC_WARN_UNUSED_FUNCTION = YES;
				GCC_WARN_UNUSED_VARIABLE = YES;
				IPHONEOS_DEPLOYMENT_TARGET = 10.3;
				MTL_ENABLE_DEBUG_INFO = NO;
				SDKROOT = iphoneos;
				SWIFT_OPTIMIZATION_LEVEL = "-Owholemodule";
				TARGETED_DEVICE_FAMILY = "1,2";
				VALIDATE_PRODUCT = YES;
			};
			name = Release;
		};
		3D9E70321F2CD5B0008047C8 /* Debug */ = {
			isa = XCBuildConfiguration;
			baseConfigurationReference = E9AD6E497A1F570DE1F34C56 /* Pods-UniversalMapAdapter.debug.xcconfig */;
			buildSettings = {
				ASSETCATALOG_COMPILER_APPICON_NAME = AppIcon;
				DEVELOPMENT_TEAM = 2N6B529U6S;
				INFOPLIST_FILE = "$(SRCROOT)/UniversalMapAdapter/UMADemoProject/Info.plist";
				LD_RUNPATH_SEARCH_PATHS = "$(inherited) @executable_path/Frameworks";
				PRODUCT_BUNDLE_IDENTIFIER = net.utiko.UniversalMapAdapter;
				PRODUCT_NAME = "$(TARGET_NAME)";
				SWIFT_VERSION = 3.0;
			};
			name = Debug;
		};
		3D9E70331F2CD5B0008047C8 /* Release */ = {
			isa = XCBuildConfiguration;
			baseConfigurationReference = 4311EBB954EC6C4AC835B709 /* Pods-UniversalMapAdapter.release.xcconfig */;
			buildSettings = {
				ASSETCATALOG_COMPILER_APPICON_NAME = AppIcon;
				DEVELOPMENT_TEAM = 2N6B529U6S;
				INFOPLIST_FILE = "$(SRCROOT)/UniversalMapAdapter/UMADemoProject/Info.plist";
				LD_RUNPATH_SEARCH_PATHS = "$(inherited) @executable_path/Frameworks";
				PRODUCT_BUNDLE_IDENTIFIER = net.utiko.UniversalMapAdapter;
				PRODUCT_NAME = "$(TARGET_NAME)";
				SWIFT_VERSION = 3.0;
			};
			name = Release;
		};
/* End XCBuildConfiguration section */

/* Begin XCConfigurationList section */
		3D9E701A1F2CD5B0008047C8 /* Build configuration list for PBXProject "UniversalMapAdapter" */ = {
			isa = XCConfigurationList;
			buildConfigurations = (
				3D9E702F1F2CD5B0008047C8 /* Debug */,
				3D9E70301F2CD5B0008047C8 /* Release */,
			);
			defaultConfigurationIsVisible = 0;
			defaultConfigurationName = Release;
		};
		3D9E70311F2CD5B0008047C8 /* Build configuration list for PBXNativeTarget "UniversalMapAdapter" */ = {
			isa = XCConfigurationList;
			buildConfigurations = (
				3D9E70321F2CD5B0008047C8 /* Debug */,
				3D9E70331F2CD5B0008047C8 /* Release */,
			);
			defaultConfigurationIsVisible = 0;
			defaultConfigurationName = Release;
		};
/* End XCConfigurationList section */
	};
	rootObject = 3D9E70171F2CD5B0008047C8 /* Project object */;
}
